
Microsoft Visual Studio Solution File, Format Version 12.00
# Visual Studio Version 17
VisualStudioVersion = 17.9.34622.214
MinimumVisualStudioVersion = 10.0.40219.1
Project("{FAE04EC0-301F-11D3-BF4B-00C04F79EFBC}") = "metanit", "metanit\metanit.csproj", "{46C3D4ED-1729-4DF2-A47C-5440AEFA321F}"
EndProject
Global
	GlobalSection(SolutionConfigurationPlatforms) = preSolution
		Debug|Any CPU = Debug|Any CPU
		Release|Any CPU = Release|Any CPU
	EndGlobalSection
	GlobalSection(ProjectConfigurationPlatforms) = postSolution
		{46C3D4ED-1729-4DF2-A47C-5440AEFA321F}.Debug|Any CPU.ActiveCfg = Debug|Any CPU
		{46C3D4ED-1729-4DF2-A47C-5440AEFA321F}.Debug|Any CPU.Build.0 = Debug|Any CPU
		{46C3D4ED-1729-4DF2-A47C-5440AEFA321F}.Release|Any CPU.ActiveCfg = Release|Any CPU
		{46C3D4ED-1729-4DF2-A47C-5440AEFA321F}.Release|Any CPU.Build.0 = Release|Any CPU
	EndGlobalSection
	GlobalSection(SolutionProperties) = preSolution
		HideSolutionNode = FALSE
	EndGlobalSection
	GlobalSection(ExtensibilityGlobals) = postSolution
		SolutionGuid = {AC1C7B4B-7BFD-46A6-A242-7FBE0F5E627A}
	EndGlobalSection
EndGlobal
